
Microsoft Visual Studio Solution File, Format Version 12.00
# Visual Studio 15
VisualStudioVersion = 15.0.28307.1062
MinimumVisualStudioVersion = 10.0.40219.1
Project("{FAE04EC0-301F-11D3-BF4B-00C04F79EFBC}") = "ExercicioClassesMetodosAbstratos", "ExercicioClassesMetodosAbstratos\ExercicioClassesMetodosAbstratos.csproj", "{F38175F7-1412-4499-A5A4-914C6258F5E2}"
EndProject
Global
	GlobalSection(SolutionConfigurationPlatforms) = preSolution
		Debug|Any CPU = Debug|Any CPU
		Release|Any CPU = Release|Any CPU
	EndGlobalSection
	GlobalSection(ProjectConfigurationPlatforms) = postSolution
		{F38175F7-1412-4499-A5A4-914C6258F5E2}.Debug|Any CPU.ActiveCfg = Debug|Any CPU
		{F38175F7-1412-4499-A5A4-914C6258F5E2}.Debug|Any CPU.Build.0 = Debug|Any CPU
		{F38175F7-1412-4499-A5A4-914C6258F5E2}.Release|Any CPU.ActiveCfg = Release|Any CPU
		{F38175F7-1412-4499-A5A4-914C6258F5E2}.Release|Any CPU.Build.0 = Release|Any CPU
	EndGlobalSection
	GlobalSection(SolutionProperties) = preSolution
		HideSolutionNode = FALSE
	EndGlobalSection
	GlobalSection(ExtensibilityGlobals) = postSolution
		SolutionGuid = {70FD2B70-A0ED-415C-A7B1-077E29DE546E}
	EndGlobalSection
EndGlobal
