
Microsoft Visual Studio Solution File, Format Version 12.00
# Visual Studio 15
VisualStudioVersion = 15.0.28307.1062
MinimumVisualStudioVersion = 10.0.40219.1
Project("{FAE04EC0-301F-11D3-BF4B-00C04F79EFBC}") = "ExercicioFixacao", "ExercicioFixacao\ExercicioFixacao.csproj", "{BC4D8A41-13D5-4711-90EB-160364E7EACB}"
EndProject
Global
	GlobalSection(SolutionConfigurationPlatforms) = preSolution
		Debug|Any CPU = Debug|Any CPU
		Release|Any CPU = Release|Any CPU
	EndGlobalSection
	GlobalSection(ProjectConfigurationPlatforms) = postSolution
		{BC4D8A41-13D5-4711-90EB-160364E7EACB}.Debug|Any CPU.ActiveCfg = Debug|Any CPU
		{BC4D8A41-13D5-4711-90EB-160364E7EACB}.Debug|Any CPU.Build.0 = Debug|Any CPU
		{BC4D8A41-13D5-4711-90EB-160364E7EACB}.Release|Any CPU.ActiveCfg = Release|Any CPU
		{BC4D8A41-13D5-4711-90EB-160364E7EACB}.Release|Any CPU.Build.0 = Release|Any CPU
	EndGlobalSection
	GlobalSection(SolutionProperties) = preSolution
		HideSolutionNode = FALSE
	EndGlobalSection
	GlobalSection(ExtensibilityGlobals) = postSolution
		SolutionGuid = {4BA6D8E1-1EF6-45FC-82B7-3ABE24C6AEC1}
	EndGlobalSection
EndGlobal
