
Microsoft Visual Studio Solution File, Format Version 12.00
# Visual Studio 15
VisualStudioVersion = 15.0.28307.1062
MinimumVisualStudioVersion = 10.0.40219.1
Project("{FAE04EC0-301F-11D3-BF4B-00C04F79EFBC}") = "SalesWebMvc", "SalesWebMvc\SalesWebMvc.csproj", "{765EC602-1D20-4320-8748-0E85D0F58023}"
EndProject
Global
	GlobalSection(SolutionConfigurationPlatforms) = preSolution
		Debug|Any CPU = Debug|Any CPU
		Release|Any CPU = Release|Any CPU
	EndGlobalSection
	GlobalSection(ProjectConfigurationPlatforms) = postSolution
		{765EC602-1D20-4320-8748-0E85D0F58023}.Debug|Any CPU.ActiveCfg = Debug|Any CPU
		{765EC602-1D20-4320-8748-0E85D0F58023}.Debug|Any CPU.Build.0 = Debug|Any CPU
		{765EC602-1D20-4320-8748-0E85D0F58023}.Release|Any CPU.ActiveCfg = Release|Any CPU
		{765EC602-1D20-4320-8748-0E85D0F58023}.Release|Any CPU.Build.0 = Release|Any CPU
	EndGlobalSection
	GlobalSection(SolutionProperties) = preSolution
		HideSolutionNode = FALSE
	EndGlobalSection
	GlobalSection(ExtensibilityGlobals) = postSolution
		SolutionGuid = {2F01E92C-145A-42FD-88B5-8D117887B10E}
	EndGlobalSection
	GlobalSection(TeamFoundationVersionControl) = preSolution
		SccNumberOfProjects = 2
		SccEnterpriseProvider = {4CA58AB2-18FA-4F8D-95D4-32DDF27D184C}
		SccTeamFoundationServer = http://vstfs:8080/tfs/defaultcollection
		SccLocalPath0 = .
		SccProjectUniqueName1 = SalesWebMvc\\SalesWebMvc.csproj
		SccProjectName1 = SalesWebMvc
		SccLocalPath1 = SalesWebMvc
	EndGlobalSection
EndGlobal
